
Microsoft Visual Studio Solution File, Format Version 12.00
# Visual Studio Version 16
VisualStudioVersion = 16.0.32630.194
MinimumVisualStudioVersion = 10.0.40219.1
Project("{FAE04EC0-301F-11D3-BF4B-00C04F79EFBC}") = "youtubeDl", "youtubeDl\youtubeDl.csproj", "{487458E1-495D-42D7-B2E8-5CC6BF84639A}"
EndProject
Global
	GlobalSection(SolutionConfigurationPlatforms) = preSolution
		Debug|Any CPU = Debug|Any CPU
		Release|Any CPU = Release|Any CPU
	EndGlobalSection
	GlobalSection(ProjectConfigurationPlatforms) = postSolution
		{487458E1-495D-42D7-B2E8-5CC6BF84639A}.Debug|Any CPU.ActiveCfg = Debug|Any CPU
		{487458E1-495D-42D7-B2E8-5CC6BF84639A}.Debug|Any CPU.Build.0 = Debug|Any CPU
		{487458E1-495D-42D7-B2E8-5CC6BF84639A}.Release|Any CPU.ActiveCfg = Release|Any CPU
	EndGlobalSection
	GlobalSection(SolutionProperties) = preSolution
		HideSolutionNode = FALSE
	EndGlobalSection
	GlobalSection(ExtensibilityGlobals) = postSolution
		SolutionGuid = {500924D0-C7AD-4F27-9018-7B040AFBBE98}
	EndGlobalSection
EndGlobal
